PODS:
  - CocoaLumberjack (1.6.5.1):
    - CocoaLumberjack/Core
    - CocoaLumberjack/Extensions
  - CocoaLumberjack/Core (1.6.5.1)
  - CocoaLumberjack/Extensions (1.6.5.1):
    - CocoaLumberjack/Core
  - YapDatabase (2.3.1):
    - CocoaLumberjack (~> 1.6.3)

DEPENDENCIES:
  - YapDatabase

SPEC CHECKSUMS:
  CocoaLumberjack: 17803afbade3126a377d32b8d23367264b44ced6
  YapDatabase: 033ee47f7116fd6092787771169045a5bad89c87

COCOAPODS: 0.28.0
